// !$*UTF8*$!
{
	archiveVersion = 1;
	classes = {
	};
	objectVersion = 50;
	objects = {

/* Begin PBXBuildFile section */
		AC4168CE2402589A00781B89 /* AppDelegate.swift in Sources */ = {isa = PBXBuildFile; fileRef = AC4168CD2402589A00781B89 /* AppDelegate.swift */; };
		AC4168D02402589A00781B89 /* SceneDelegate.swift in Sources */ = {isa = PBXBuildFile; fileRef = AC4168CF2402589A00781B89 /* SceneDelegate.swift */; };
		AC4168D22402589A00781B89 /* ViewController.swift in Sources */ = {isa = PBXBuildFile; fileRef = AC4168D12402589A00781B89 /* ViewController.swift */; };
		AC4168D52402589A00781B89 /* Main.storyboard in Resources */ = {isa = PBXBuildFile; fileRef = AC4168D32402589A00781B89 /* Main.storyboard */; };
		AC4168D72402589D00781B89 /* Assets.xcassets in Resources */ = {isa = PBXBuildFile; fileRef = AC4168D62402589D00781B89 /* Assets.xcassets */; };
		AC4168DA2402589D00781B89 /* LaunchScreen.storyboard in Resources */ = {isa = PBXBuildFile; fileRef = AC4168D82402589D00781B89 /* LaunchScreen.storyboard */; };
		AC4168E52402589D00781B89 /* Folding_TableTests.swift in Sources */ = {isa = PBXBuildFile; fileRef = AC4168E42402589D00781B89 /* Folding_TableTests.swift */; };
		AC4168F02402589D00781B89 /* Folding_TableUITests.swift in Sources */ = {isa = PBXBuildFile; fileRef = AC4168EF2402589D00781B89 /* Folding_TableUITests.swift */; };
/* End PBXBuildFile section */

/* Begin PBXContainerItemProxy section */
		AC4168E12402589D00781B89 /* PBXContainerItemProxy */ = {
			isa = PBXContainerItemProxy;
			containerPortal = AC4168C22402589A00781B89 /* Project object */;
			proxyType = 1;
			remoteGlobalIDString = AC4168C92402589A00781B89;
			remoteInfo = Folding_Table;
		};
		AC4168EC2402589D00781B89 /* PBXContainerItemProxy */ = {
			isa = PBXContainerItemProxy;
			containerPortal = AC4168C22402589A00781B89 /* Project object */;
			proxyType = 1;
			remoteGlobalIDString = AC4168C92402589A00781B89;
			remoteInfo = Folding_Table;
		};
/* End PBXContainerItemProxy section */

/* Begin PBXFileReference section */
		AC4168CA2402589A00781B89 /* Folding_Table.app */ = {isa = PBXFileReference; explicitFileType = wrapper.application; includeInIndex = 0; path = Folding_Table.app; sourceTree = BUILT_PRODUCTS_DIR; };
		AC4168CD2402589A00781B89 /* AppDelegate.swift */ = {isa = PBXFileReference; lastKnownFileType = sourcecode.swift; path = AppDelegate.swift; sourceTree = "<group>"; };
		AC4168CF2402589A00781B89 /* SceneDelegate.swift */ = {isa = PBXFileReference; lastKnownFileType = sourcecode.swift; path = SceneDelegate.swift; sourceTree = "<group>"; };
		AC4168D12402589A00781B89 /* ViewController.swift */ = {isa = PBXFileReference; lastKnownFileType = sourcecode.swift; path = ViewController.swift; sourceTree = "<group>"; };
		AC4168D42402589A00781B89 /* Base */ = {isa = PBXFileReference; lastKnownFileType = file.storyboard; name = Base; path = Base.lproj/Main.storyboard; sourceTree = "<group>"; };
		AC4168D62402589D00781B89 /* Assets.xcassets */ = {isa = PBXFileReference; lastKnownFileType = folder.assetcatalog; path = Assets.xcassets; sourceTree = "<group>"; };
		AC4168D92402589D00781B89 /* Base */ = {isa = PBXFileReference; lastKnownFileType = file.storyboard; name = Base; path = Base.lproj/LaunchScreen.storyboard; sourceTree = "<group>"; };
		AC4168DB2402589D00781B89 /* Info.plist */ = {isa = PBXFileReference; lastKnownFileType = text.plist.xml; path = Info.plist; sourceTree = "<group>"; };
		AC4168E02402589D00781B89 /* Folding_TableTests.xctest */ = {isa = PBXFileReference; explicitFileType = wrapper.cfbundle; includeInIndex = 0; path = Folding_TableTests.xctest; sourceTree = BUILT_PRODUCTS_DIR; };
		AC4168E42402589D00781B89 /* Folding_TableTests.swift */ = {isa = PBXFileReference; lastKnownFileType = sourcecode.swift; path = Folding_TableTests.swift; sourceTree = "<group>"; };
		AC4168E62402589D00781B89 /* Info.plist */ = {isa = PBXFileReference; lastKnownFileType = text.plist.xml; path = Info.plist; sourceTree = "<group>"; };
		AC4168EB2402589D00781B89 /* Folding_TableUITests.xctest */ = {isa = PBXFileReference; explicitFileType = wrapper.cfbundle; includeInIndex = 0; path = Folding_TableUITests.xctest; sourceTree = BUILT_PRODUCTS_DIR; };
		AC4168EF2402589D00781B89 /* Folding_TableUITests.swift */ = {isa = PBXFileReference; lastKnownFileType = sourcecode.swift; path = Folding_TableUITests.swift; sourceTree = "<group>"; };
		AC4168F12402589D00781B89 /* Info.plist */ = {isa = PBXFileReference; lastKnownFileType = text.plist.xml; path = Info.plist; sourceTree = "<group>"; };
/* End PBXFileReference section */

/* Begin PBXFrameworksBuildPhase section */
		AC4168C72402589A00781B89 /* Frameworks */ = {
			isa = PBXFrameworksBuildPhase;
			buildActionMask = 2147483647;
			files = (
			);
			runOnlyForDeploymentPostprocessing = 0;
		};
		AC4168DD2402589D00781B89 /* Frameworks */ = {
			isa = PBXFrameworksBuildPhase;
			buildActionMask = 2147483647;
			files = (
			);
			runOnlyForDeploymentPostprocessing = 0;
		};
		AC4168E82402589D00781B89 /* Frameworks */ = {
			isa = PBXFrameworksBuildPhase;
			buildActionMask = 2147483647;
			files = (
			);
			runOnlyForDeploymentPostprocessing = 0;
		};
/* End PBXFrameworksBuildPhase section */

/* Begin PBXGroup section */
		AC4168C12402589A00781B89 = {
			isa = PBXGroup;
			children = (
				AC4168CC2402589A00781B89 /* Folding_Table */,
				AC4168E32402589D00781B89 /* Folding_TableTests */,
				AC4168EE2402589D00781B89 /* Folding_TableUITests */,
				AC4168CB2402589A00781B89 /* Products */,
			);
			sourceTree = "<group>";
		};
		AC4168CB2402589A00781B89 /* Products */ = {
			isa = PBXGroup;
			children = (
				AC4168CA2402589A00781B89 /* Folding_Table.app */,
				AC4168E02402589D00781B89 /* Folding_TableTests.xctest */,
				AC4168EB2402589D00781B89 /* Folding_TableUITests.xctest */,
			);
			name = Products;
			sourceTree = "<group>";
		};
		AC4168CC2402589A00781B89 /* Folding_Table */ = {
			isa = PBXGroup;
			children = (
				AC4168CD2402589A00781B89 /* AppDelegate.swift */,
				AC4168CF2402589A00781B89 /* SceneDelegate.swift */,
				AC4168D12402589A00781B89 /* ViewController.swift */,
				AC4168D32402589A00781B89 /* Main.storyboard */,
				AC4168D62402589D00781B89 /* Assets.xcassets */,
				AC4168D82402589D00781B89 /* LaunchScreen.storyboard */,
				AC4168DB2402589D00781B89 /* Info.plist */,
			);
			path = Folding_Table;
			sourceTree = "<group>";
		};
		AC4168E32402589D00781B89 /* Folding_TableTests */ = {
			isa = PBXGroup;
			children = (
				AC4168E42402589D00781B89 /* Folding_TableTests.swift */,
				AC4168E62402589D00781B89 /* Info.plist */,
			);
			path = Folding_TableTests;
			sourceTree = "<group>";
		};
		AC4168EE2402589D00781B89 /* Folding_TableUITests */ = {
			isa = PBXGroup;
			children = (
				AC4168EF2402589D00781B89 /* Folding_TableUITests.swift */,
				AC4168F12402589D00781B89 /* Info.plist */,
			);
			path = Folding_TableUITests;
			sourceTree = "<group>";
		};
/* End PBXGroup section */

/* Begin PBXNativeTarget section */
		AC4168C92402589A00781B89 /* Folding_Table */ = {
			isa = PBXNativeTarget;
			buildConfigurationList = AC4168F42402589D00781B89 /* Build configuration list for PBXNativeTarget "Folding_Table" */;
			buildPhases = (
				AC4168C62402589A00781B89 /* Sources */,
				AC4168C72402589A00781B89 /* Frameworks */,
				AC4168C82402589A00781B89 /* Resources */,
			);
			buildRules = (
			);
			dependencies = (
			);
			name = Folding_Table;
			productName = Folding_Table;
			productReference = AC4168CA2402589A00781B89 /* Folding_Table.app */;
			productType = "com.apple.product-type.application";
		};
		AC4168DF2402589D00781B89 /* Folding_TableTests */ = {
			isa = PBXNativeTarget;
			buildConfigurationList = AC4168F72402589D00781B89 /* Build configuration list for PBXNativeTarget "Folding_TableTests" */;
			buildPhases = (
				AC4168DC2402589D00781B89 /* Sources */,
				AC4168DD2402589D00781B89 /* Frameworks */,
				AC4168DE2402589D00781B89 /* Resources */,
			);
			buildRules = (
			);
			dependencies = (
				AC4168E22402589D00781B89 /* PBXTargetDependency */,
			);
			name = Folding_TableTests;
			productName = Folding_TableTests;
			productReference = AC4168E02402589D00781B89 /* Folding_TableTests.xctest */;
			productType = "com.apple.product-type.bundle.unit-test";
		};
		AC4168EA2402589D00781B89 /* Folding_TableUITests */ = {
			isa = PBXNativeTarget;
			buildConfigurationList = AC4168FA2402589D00781B89 /* Build configuration list for PBXNativeTarget "Folding_TableUITests" */;
			buildPhases = (
				AC4168E72402589D00781B89 /* Sources */,
				AC4168E82402589D00781B89 /* Frameworks */,
				AC4168E92402589D00781B89 /* Resources */,
			);
			buildRules = (
			);
			dependencies = (
				AC4168ED2402589D00781B89 /* PBXTargetDependency */,
			);
			name = Folding_TableUITests;
			productName = Folding_TableUITests;
			productReference = AC4168EB2402589D00781B89 /* Folding_TableUITests.xctest */;
			productType = "com.apple.product-type.bundle.ui-testing";
		};
/* End PBXNativeTarget section */

/* Begin PBXProject section */
		AC4168C22402589A00781B89 /* Project object */ = {
			isa = PBXProject;
			attributes = {
				LastSwiftUpdateCheck = 1130;
				LastUpgradeCheck = 1130;
				ORGANIZATIONNAME = Yen;
				TargetAttributes = {
					AC4168C92402589A00781B89 = {
						CreatedOnToolsVersion = 11.3.1;
					};
					AC4168DF2402589D00781B89 = {
						CreatedOnToolsVersion = 11.3.1;
						TestTargetID = AC4168C92402589A00781B89;
					};
					AC4168EA2402589D00781B89 = {
						CreatedOnToolsVersion = 11.3.1;
						TestTargetID = AC4168C92402589A00781B89;
					};
				};
			};
			buildConfigurationList = AC4168C52402589A00781B89 /* Build configuration list for PBXProject "Folding_Table" */;
			compatibilityVersion = "Xcode 9.3";
			developmentRegion = en;
			hasScannedForEncodings = 0;
			knownRegions = (
				en,
				Base,
			);
			mainGroup = AC4168C12402589A00781B89;
			productRefGroup = AC4168CB2402589A00781B89 /* Products */;
			projectDirPath = "";
			projectRoot = "";
			targets = (
				AC4168C92402589A00781B89 /* Folding_Table */,
				AC4168DF2402589D00781B89 /* Folding_TableTests */,
				AC4168EA2402589D00781B89 /* Folding_TableUITests */,
			);
		};
/* End PBXProject section */

/* Begin PBXResourcesBuildPhase section */
		AC4168C82402589A00781B89 /* Resources */ = {
			isa = PBXResourcesBuildPhase;
			buildActionMask = 2147483647;
			files = (
				AC4168DA2402589D00781B89 /* LaunchScreen.storyboard in Resources */,
				AC4168D72402589D00781B89 /* Assets.xcassets in Resources */,
				AC4168D52402589A00781B89 /* Main.storyboard in Resources */,
			);
			runOnlyForDeploymentPostprocessing = 0;
		};
		AC4168DE2402589D00781B89 /* Resources */ = {
			isa = PBXResourcesBuildPhase;
			buildActionMask = 2147483647;
			files = (
			);
			runOnlyForDeploymentPostprocessing = 0;
		};
		AC4168E92402589D00781B89 /* Resources */ = {
			isa = PBXResourcesBuildPhase;
			buildActionMask = 2147483647;
			files = (
			);
			runOnlyForDeploymentPostprocessing = 0;
		};
/* End PBXResourcesBuildPhase section */

/* Begin PBXSourcesBuildPhase section */
		AC4168C62402589A00781B89 /* Sources */ = {
			isa = PBXSourcesBuildPhase;
			buildActionMask = 2147483647;
			files = (
				AC4168D22402589A00781B89 /* ViewController.swift in Sources */,
				AC4168CE2402589A00781B89 /* AppDelegate.swift in Sources */,
				AC4168D02402589A00781B89 /* SceneDelegate.swift in Sources */,
			);
			runOnlyForDeploymentPostprocessing = 0;
		};
		AC4168DC2402589D00781B89 /* Sources */ = {
			isa = PBXSourcesBuildPhase;
			buildActionMask = 2147483647;
			files = (
				AC4168E52402589D00781B89 /* Folding_TableTests.swift in Sources */,
			);
			runOnlyForDeploymentPostprocessing = 0;
		};
		AC4168E72402589D00781B89 /* Sources */ = {
			isa = PBXSourcesBuildPhase;
			buildActionMask = 2147483647;
			files = (
				AC4168F02402589D00781B89 /* Folding_TableUITests.swift in Sources */,
			);
			runOnlyForDeploymentPostprocessing = 0;
		};
/* End PBXSourcesBuildPhase section */

/* Begin PBXTargetDependency section */
		AC4168E22402589D00781B89 /* PBXTargetDependency */ = {
			isa = PBXTargetDependency;
			target = AC4168C92402589A00781B89 /* Folding_Table */;
			targetProxy = AC4168E12402589D00781B89 /* PBXContainerItemProxy */;
		};
		AC4168ED2402589D00781B89 /* PBXTargetDependency */ = {
			isa = PBXTargetDependency;
			target = AC4168C92402589A00781B89 /* Folding_Table */;
			targetProxy = AC4168EC2402589D00781B89 /* PBXContainerItemProxy */;
		};
/* End PBXTargetDependency section */

/* Begin PBXVariantGroup section */
		AC4168D32402589A00781B89 /* Main.storyboard */ = {
			isa = PBXVariantGroup;
			children = (
				AC4168D42402589A00781B89 /* Base */,
			);
			name = Main.storyboard;
			sourceTree = "<group>";
		};
		AC4168D82402589D00781B89 /* LaunchScreen.storyboard */ = {
			isa = PBXVariantGroup;
			children = (
				AC4168D92402589D00781B89 /* Base */,
			);
			name = LaunchScreen.storyboard;
			sourceTree = "<group>";
		};
/* End PBXVariantGroup section */

/* Begin XCBuildConfiguration section */
		AC4168F22402589D00781B89 /* Debug */ = {
			isa = XCBuildConfiguration;
			buildSettings = {
				ALWAYS_SEARCH_USER_PATHS = NO;
				CLANG_ANALYZER_NONNULL = YES;
				CLANG_ANALYZER_NUMBER_OBJECT_CONVERSION = YES_AGGRESSIVE;
				CLANG_CXX_LANGUAGE_STANDARD = "gnu++14";
				CLANG_CXX_LIBRARY = "libc++";
				CLANG_ENABLE_MODULES = YES;
				CLANG_ENABLE_OBJC_ARC = YES;
				CLANG_ENABLE_OBJC_WEAK = YES;
				CLANG_WARN_BLOCK_CAPTURE_AUTORELEASING = YES;
				CLANG_WARN_BOOL_CONVERSION = YES;
				CLANG_WARN_COMMA = YES;
				CLANG_WARN_CONSTANT_CONVERSION = YES;
				CLANG_WARN_DEPRECATED_OBJC_IMPLEMENTATIONS = YES;
				CLANG_WARN_DIRECT_OBJC_ISA_USAGE = YES_ERROR;
				CLANG_WARN_DOCUMENTATION_COMMENTS = YES;
				CLANG_WARN_EMPTY_BODY = YES;
				CLANG_WARN_ENUM_CONVERSION = YES;
				CLANG_WARN_INFINITE_RECURSION = YES;
				CLANG_WARN_INT_CONVERSION = YES;
				CLANG_WARN_NON_LITERAL_NULL_CONVERSION = YES;
				CLANG_WARN_OBJC_IMPLICIT_RETAIN_SELF = YES;
				CLANG_WARN_OBJC_LITERAL_CONVERSION = YES;
				CLANG_WARN_OBJC_ROOT_CLASS = YES_ERROR;
				CLANG_WARN_RANGE_LOOP_ANALYSIS = YES;
				CLANG_WARN_STRICT_PROTOTYPES = YES;
				CLANG_WARN_SUSPICIOUS_MOVE = YES;
				CLANG_WARN_UNGUARDED_AVAILABILITY = YES_AGGRESSIVE;
				CLANG_WARN_UNREACHABLE_CODE = YES;
				CLANG_WARN__DUPLICATE_METHOD_MATCH = YES;
				COPY_PHASE_STRIP = NO;
				DEBUG_INFORMATION_FORMAT = dwarf;
				ENABLE_STRICT_OBJC_MSGSEND = YES;
				ENABLE_TESTABILITY = YES;
				GCC_C_LANGUAGE_STANDARD = gnu11;
				GCC_DYNAMIC_NO_PIC = NO;
				GCC_NO_COMMON_BLOCKS = YES;
				GCC_OPTIMIZATION_LEVEL = 0;
				GCC_PREPROCESSOR_DEFINITIONS = (
					"DEBUG=1",
					"$(inherited)",
				);
				GCC_WARN_64_TO_32_BIT_CONVERSION = YES;
				GCC_WARN_ABOUT_RETURN_TYPE = YES_ERROR;
				GCC_WARN_UNDECLARED_SELECTOR = YES;
				GCC_WARN_UNINITIALIZED_AUTOS = YES_AGGRESSIVE;
				GCC_WARN_UNUSED_FUNCTION = YES;
				GCC_WARN_UNUSED_VARIABLE = YES;
				IPHONEOS_DEPLOYMENT_TARGET = 13.2;
				MTL_ENABLE_DEBUG_INFO = INCLUDE_SOURCE;
				MTL_FAST_MATH = YES;
				ONLY_ACTIVE_ARCH = YES;
				SDKROOT = iphoneos;
				SWIFT_ACTIVE_COMPILATION_CONDITIONS = DEBUG;
				SWIFT_OPTIMIZATION_LEVEL = "-Onone";
			};
			name = Debug;
		};
		AC4168F32402589D00781B89 /* Release */ = {
			isa = XCBuildConfiguration;
			buildSettings = {
				ALWAYS_SEARCH_USER_PATHS = NO;
				CLANG_ANALYZER_NONNULL = YES;
				CLANG_ANALYZER_NUMBER_OBJECT_CONVERSION = YES_AGGRESSIVE;
				CLANG_CXX_LANGUAGE_STANDARD = "gnu++14";
				CLANG_CXX_LIBRARY = "libc++";
				CLANG_ENABLE_MODULES = YES;
				CLANG_ENABLE_OBJC_ARC = YES;
				CLANG_ENABLE_OBJC_WEAK = YES;
				CLANG_WARN_BLOCK_CAPTURE_AUTORELEASING = YES;
				CLANG_WARN_BOOL_CONVERSION = YES;
				CLANG_WARN_COMMA = YES;
				CLANG_WARN_CONSTANT_CONVERSION = YES;
				CLANG_WARN_DEPRECATED_OBJC_IMPLEMENTATIONS = YES;
				CLANG_WARN_DIRECT_OBJC_ISA_USAGE = YES_ERROR;
				CLANG_WARN_DOCUMENTATION_COMMENTS = YES;
				CLANG_WARN_EMPTY_BODY = YES;
				CLANG_WARN_ENUM_CONVERSION = YES;
				CLANG_WARN_INFINITE_RECURSION = YES;
				CLANG_WARN_INT_CONVERSION = YES;
				CLANG_WARN_NON_LITERAL_NULL_CONVERSION = YES;
				CLANG_WARN_OBJC_IMPLICIT_RETAIN_SELF = YES;
				CLANG_WARN_OBJC_LITERAL_CONVERSION = YES;
				CLANG_WARN_OBJC_ROOT_CLASS = YES_ERROR;
				CLANG_WARN_RANGE_LOOP_ANALYSIS = YES;
				CLANG_WARN_STRICT_PROTOTYPES = YES;
				CLANG_WARN_SUSPICIOUS_MOVE = YES;
				CLANG_WARN_UNGUARDED_AVAILABILITY = YES_AGGRESSIVE;
				CLANG_WARN_UNREACHABLE_CODE = YES;
				CLANG_WARN__DUPLICATE_METHOD_MATCH = YES;
				COPY_PHASE_STRIP = NO;
				DEBUG_INFORMATION_FORMAT = "dwarf-with-dsym";
				ENABLE_NS_ASSERTIONS = NO;
				ENABLE_STRICT_OBJC_MSGSEND = YES;
				GCC_C_LANGUAGE_STANDARD = gnu11;
				GCC_NO_COMMON_BLOCKS = YES;
				GCC_WARN_64_TO_32_BIT_CONVERSION = YES;
				GCC_WARN_ABOUT_RETURN_TYPE = YES_ERROR;
				GCC_WARN_UNDECLARED_SELECTOR = YES;
				GCC_WARN_UNINITIALIZED_AUTOS = YES_AGGRESSIVE;
				GCC_WARN_UNUSED_FUNCTION = YES;
				GCC_WARN_UNUSED_VARIABLE = YES;
				IPHONEOS_DEPLOYMENT_TARGET = 13.2;
				MTL_ENABLE_DEBUG_INFO = NO;
				MTL_FAST_MATH = YES;
				SDKROOT = iphoneos;
				SWIFT_COMPILATION_MODE = wholemodule;
				SWIFT_OPTIMIZATION_LEVEL = "-O";
				VALIDATE_PRODUCT = YES;
			};
			name = Release;
		};
		AC4168F52402589D00781B89 /* Debug */ = {
			isa = XCBuildConfiguration;
			buildSettings = {
				ASSETCATALOG_COMPILER_APPICON_NAME = AppIcon;
				CODE_SIGN_STYLE = Automatic;
				INFOPLIST_FILE = Folding_Table/Info.plist;
				LD_RUNPATH_SEARCH_PATHS = (
					"$(inherited)",
					"@executable_path/Frameworks",
				);
				PRODUCT_BUNDLE_IDENTIFIER = "com.Folding-Table";
				PRODUCT_NAME = "$(TARGET_NAME)";
				SWIFT_VERSION = 5.0;
				TARGETED_DEVICE_FAMILY = "1,2";
			};
			name = Debug;
		};
		AC4168F62402589D00781B89 /* Release */ = {
			isa = XCBuildConfiguration;
			buildSettings = {
				ASSETCATALOG_COMPILER_APPICON_NAME = AppIcon;
				CODE_SIGN_STYLE = Automatic;
				INFOPLIST_FILE = Folding_Table/Info.plist;
				LD_RUNPATH_SEARCH_PATHS = (
					"$(inherited)",
					"@executable_path/Frameworks",
				);
				PRODUCT_BUNDLE_IDENTIFIER = "com.Folding-Table";
				PRODUCT_NAME = "$(TARGET_NAME)";
				SWIFT_VERSION = 5.0;
				TARGETED_DEVICE_FAMILY = "1,2";
			};
			name = Release;
		};
		AC4168F82402589D00781B89 /* Debug */ = {
			isa = XCBuildConfiguration;
			buildSettings = {
				ALWAYS_EMBED_SWIFT_STANDARD_LIBRARIES = YES;
				BUNDLE_LOADER = "$(TEST_HOST)";
				CODE_SIGN_STYLE = Automatic;
				INFOPLIST_FILE = Folding_TableTests/Info.plist;
				IPHONEOS_DEPLOYMENT_TARGET = 13.2;
				LD_RUNPATH_SEARCH_PATHS = (
					"$(inherited)",
					"@executable_path/Frameworks",
					"@loader_path/Frameworks",
				);
				PRODUCT_BUNDLE_IDENTIFIER = "com.Folding-TableTests";
				PRODUCT_NAME = "$(TARGET_NAME)";
				SWIFT_VERSION = 5.0;
				TARGETED_DEVICE_FAMILY = "1,2";
				TEST_HOST = "$(BUILT_PRODUCTS_DIR)/Folding_Table.app/Folding_Table";
			};
			name = Debug;
		};
		AC4168F92402589D00781B89 /* Release */ = {
			isa = XCBuildConfiguration;
			buildSettings = {
				ALWAYS_EMBED_SWIFT_STANDARD_LIBRARIES = YES;
				BUNDLE_LOADER = "$(TEST_HOST)";
				CODE_SIGN_STYLE = Automatic;
				INFOPLIST_FILE = Folding_TableTests/Info.plist;
				IPHONEOS_DEPLOYMENT_TARGET = 13.2;
				LD_RUNPATH_SEARCH_PATHS = (
					"$(inherited)",
					"@executable_path/Frameworks",
					"@loader_path/Frameworks",
				);
				PRODUCT_BUNDLE_IDENTIFIER = "com.Folding-TableTests";
				PRODUCT_NAME = "$(TARGET_NAME)";
				SWIFT_VERSION = 5.0;
				TARGETED_DEVICE_FAMILY = "1,2";
				TEST_HOST = "$(BUILT_PRODUCTS_DIR)/Folding_Table.app/Folding_Table";
			};
			name = Release;
		};
		AC4168FB2402589D00781B89 /* Debug */ = {
			isa = XCBuildConfiguration;
			buildSettings = {
				ALWAYS_EMBED_SWIFT_STANDARD_LIBRARIES = YES;
				CODE_SIGN_STYLE = Automatic;
				INFOPLIST_FILE = Folding_TableUITests/Info.plist;
				LD_RUNPATH_SEARCH_PATHS = (
					"$(inherited)",
					"@executable_path/Frameworks",
					"@loader_path/Frameworks",
				);
				PRODUCT_BUNDLE_IDENTIFIER = "com.Folding-TableUITests";
				PRODUCT_NAME = "$(TARGET_NAME)";
				SWIFT_VERSION = 5.0;
				TARGETED_DEVICE_FAMILY = "1,2";
				TEST_TARGET_NAME = Folding_Table;
			};
			name = Debug;
		};
		AC4168FC2402589D00781B89 /* Release */ = {
			isa = XCBuildConfiguration;
			buildSettings = {
				ALWAYS_EMBED_SWIFT_STANDARD_LIBRARIES = YES;
				CODE_SIGN_STYLE = Automatic;
				INFOPLIST_FILE = Folding_TableUITests/Info.plist;
				LD_RUNPATH_SEARCH_PATHS = (
					"$(inherited)",
					"@executable_path/Frameworks",
					"@loader_path/Frameworks",
				);
				PRODUCT_BUNDLE_IDENTIFIER = "com.Folding-TableUITests";
				PRODUCT_NAME = "$(TARGET_NAME)";
				SWIFT_VERSION = 5.0;
				TARGETED_DEVICE_FAMILY = "1,2";
				TEST_TARGET_NAME = Folding_Table;
			};
			name = Release;
		};
/* End XCBuildConfiguration section */

/* Begin XCConfigurationList section */
		AC4168C52402589A00781B89 /* Build configuration list for PBXProject "Folding_Table" */ = {
			isa = XCConfigurationList;
			buildConfigurations = (
				AC4168F22402589D00781B89 /* Debug */,
				AC4168F32402589D00781B89 /* Release */,
			);
			defaultConfigurationIsVisible = 0;
			defaultConfigurationName = Release;
		};
		AC4168F42402589D00781B89 /* Build configuration list for PBXNativeTarget "Folding_Table" */ = {
			isa = XCConfigurationList;
			buildConfigurations = (
				AC4168F52402589D00781B89 /* Debug */,
				AC4168F62402589D00781B89 /* Release */,
			);
			defaultConfigurationIsVisible = 0;
			defaultConfigurationName = Release;
		};
		AC4168F72402589D00781B89 /* Build configuration list for PBXNativeTarget "Folding_TableTests" */ = {
			isa = XCConfigurationList;
			buildConfigurations = (
				AC4168F82402589D00781B89 /* Debug */,
				AC4168F92402589D00781B89 /* Release */,
			);
			defaultConfigurationIsVisible = 0;
			defaultConfigurationName = Release;
		};
		AC4168FA2402589D00781B89 /* Build configuration list for PBXNativeTarget "Folding_TableUITests" */ = {
			isa = XCConfigurationList;
			buildConfigurations = (
				AC4168FB2402589D00781B89 /* Debug */,
				AC4168FC2402589D00781B89 /* Release */,
			);
			defaultConfigurationIsVisible = 0;
			defaultConfigurationName = Release;
		};
/* End XCConfigurationList section */
	};
	rootObject = AC4168C22402589A00781B89 /* Project object */;
}
